
Microsoft Visual Studio Solution File, Format Version 12.00
# Visual Studio 15
Project("{FAE04EC0-301F-11D3-BF4B-00C04F79EFBC}") = "Assembly-CSharp", "Assembly-CSharp.csproj", "{4167DE37-7623-7245-7179-B1129516F4B7}"
EndProject
Project("{FAE04EC0-301F-11D3-BF4B-00C04F79EFBC}") = "Unity.AI.Navigation.Samples", "Unity.AI.Navigation.Samples.csproj", "{4FBC1689-29C0-1022-02E6-88932C1B0775}"
EndProject
Project("{FAE04EC0-301F-11D3-BF4B-00C04F79EFBC}") = "Unity.AI.Navigation.Samples.Initialization.Editor", "Unity.AI.Navigation.Samples.Initialization.Editor.csproj", "{C36CFCC5-3849-D627-73E1-D48C3DD22BD6}"
EndProject
Global
	GlobalSection(SolutionConfigurationPlatforms) = preSolution
		Debug|Any CPU = Debug|Any CPU
		Release|Any CPU = Release|Any CPU
	EndGlobalSection
	GlobalSection(ProjectConfigurationPlatforms) = postSolution
		{4167DE37-7623-7245-7179-B1129516F4B7}.Debug|Any CPU.ActiveCfg = Debug|Any CPU
		{4167DE37-7623-7245-7179-B1129516F4B7}.Debug|Any CPU.Build.0 = Debug|Any CPU
		{4167DE37-7623-7245-7179-B1129516F4B7}.Release|Any CPU.ActiveCfg = Release|Any CPU
		{4167DE37-7623-7245-7179-B1129516F4B7}.Release|Any CPU.Build.0 = Release|Any CPU
		{4FBC1689-29C0-1022-02E6-88932C1B0775}.Debug|Any CPU.ActiveCfg = Debug|Any CPU
		{4FBC1689-29C0-1022-02E6-88932C1B0775}.Debug|Any CPU.Build.0 = Debug|Any CPU
		{4FBC1689-29C0-1022-02E6-88932C1B0775}.Release|Any CPU.ActiveCfg = Release|Any CPU
		{4FBC1689-29C0-1022-02E6-88932C1B0775}.Release|Any CPU.Build.0 = Release|Any CPU
		{C36CFCC5-3849-D627-73E1-D48C3DD22BD6}.Debug|Any CPU.ActiveCfg = Debug|Any CPU
		{C36CFCC5-3849-D627-73E1-D48C3DD22BD6}.Debug|Any CPU.Build.0 = Debug|Any CPU
		{C36CFCC5-3849-D627-73E1-D48C3DD22BD6}.Release|Any CPU.ActiveCfg = Release|Any CPU
		{C36CFCC5-3849-D627-73E1-D48C3DD22BD6}.Release|Any CPU.Build.0 = Release|Any CPU
	EndGlobalSection
	GlobalSection(SolutionProperties) = preSolution
		HideSolutionNode = FALSE
	EndGlobalSection
EndGlobal
